version = 1
revision = 3
requires-python = ">=3.13, <3.15"

[[package]]
name = "asgiref"
version = "3.12.1"
source = { registry = "https://pypi.org/simple" }
sdist = { url = "https://files.pythonhosted.org/packages/e6/26/3b59f2bdae5f640389becb1f673cded775287f5fc4f816309d9ca9a3f93d/asgiref-3.12.1.tar.gz", hash = "sha256:59dcb51c272ad209d59bed5708a64a333083e86017d7fcdd67498eeab7784340", size = 42378, upload-time = "2026-07-14T09:56:18.087Z" }
wheels = [
    { url = "https://files.pythonhosted.org/packages/c0/1b/54f4ad77cd8a584fa70746c47df988e002cf1ee1eba43364d46f87803647/asgiref-3.12.1-py3-none-any.whl", hash = "sha256:fe386d1c2bff7259ea95929266d12a8cf9a8b5a1c2598402967d8792e7a7c094", size = 25478, upload-time = "2026-07-14T09:56:16.926Z" },
]

[[package]]
name = "django"
version = "6.0.8"
source = { registry = "https://pypi.org/simple" }
dependencies = [
    { name = "asgiref" },
    { name = "sqlparse" },
    { name = "tzdata", marker = "sys_platform == 'win32'" },
]
sdist = { url = "https://files.pythonhosted.org/packages/3c/28/5fee292e588dbdb782582436d1eb62ac8809ec55b98ef27f5b9676a00e9a/django-6.0.8.tar.gz", hash = "sha256:cb0bd962d27fc866f3c514b20aae6a7df56ec80b488f9899da46d675cd051526", size = 10924565, upload-time = "2026-08-04T15:03:39.469Z" }
wheels = [
    { url = "https://files.pythonhosted.org/packages/2e/b4/23e74d261eebfa9c8baed5e8810f09858b9afd613d1037f42ff7aa95c87f/django-6.0.8-py3-none-any.whl", hash = "sha256:9b98b7e1902e0e575ea4f42c175fc9512784f7f2580898286aee3388b322219d", size = 8376956, upload-time = "2026-08-04T15:03:35.138Z" },
]

[[package]]
name = "fortune-wheel-backend"
version = "1.0.0"
source = { virtual = "." }
dependencies = [
    { name = "django" },
    { name = "gunicorn" },
    { name = "jdatetime" },
    { name = "psycopg", extra = ["binary"] },
    { name = "whitenoise" },
]

[package.metadata]
requires-dist = [
    { name = "django", specifier = "==6.0.8" },
    { name = "gunicorn", specifier = "==23.0.0" },
    { name = "jdatetime", specifier = "==5.2.0" },
    { name = "psycopg", extras = ["binary"], specifier = "==3.3.6" },
    { name = "whitenoise", specifier = "==6.12.0" },
]

[[package]]
name = "gunicorn"
version = "23.0.0"
source = { registry = "https://pypi.org/simple" }
dependencies = [
    { name = "packaging" },
]
sdist = { url = "https://files.pythonhosted.org/packages/34/72/9614c465dc206155d93eff0ca20d42e1e35afc533971379482de953521a4/gunicorn-23.0.0.tar.gz", hash = "sha256:f014447a0101dc57e294f6c18ca6b40227a4c90e9bdb586042628030cba004ec", size = 375031, upload-time = "2024-08-10T20:25:27.378Z" }
wheels = [
    { url = "https://files.pythonhosted.org/packages/cb/7d/6dac2a6e1eba33ee43f318edbed4ff29151a49b5d37f080aad1e6469bca4/gunicorn-23.0.0-py3-none-any.whl", hash = "sha256:ec400d38950de4dfd418cff8328b2c8faed0edb0d517d3394e457c317908ca4d", size = 85029, upload-time = "2024-08-10T20:25:24.996Z" },
]

[[package]]
name = "jalali-core"
version = "1.0.0"
source = { registry = "https://pypi.org/simple" }
sdist = { url = "https://files.pythonhosted.org/packages/2b/3c/21e32e3444c572174a5d774643eb2aa8ab60ef68b99a4c3585a0a11428b4/jalali_core-1.0.0.tar.gz", hash = "sha256:f4287c70c630323dcf0a3ab26df905ba4d451e230ac1f65b3bb2f77797894a2b", size = 2752, upload-time = "2024-03-25T09:36:14.934Z" }
wheels = [
    { url = "https://files.pythonhosted.org/packages/f6/20/a4e942f9685df720a106da292e29a53212b27903749cc563b86b612b113e/jalali_core-1.0.0-py3-none-any.whl", hash = "sha256:84e6f5090eadfb35234f24fad084be831d00da3c0b238ee001e8a1fd49bf7924", size = 3616, upload-time = "2024-03-25T09:36:13.133Z" },
]

[[package]]
name = "jdatetime"
version = "5.2.0"
source = { registry = "https://pypi.org/simple" }
dependencies = [
    { name = "jalali-core" },
]
sdist = { url = "https://files.pythonhosted.org/packages/6e/9d/5ed59c36f3cbc68c01fab6442e6efb6d35a484ba4eec4f790264fce39f6c/jdatetime-5.2.0.tar.gz", hash = "sha256:c81d5898717b82b609a3ce2a73f8b8d3230b0c757e5c0de9d6b1acfdc224f551", size = 21663, upload-time = "2025-01-26T09:29:16.802Z" }
wheels = [
    { url = "https://files.pythonhosted.org/packages/16/39/0dd2676d08468692606645db5ea40091290dc20747ff59636c21c0567d3c/jdatetime-5.2.0-py3-none-any.whl", hash = "sha256:d4aa73543e4e6c0e6122b58743773168edee5efe5c5acf05d1dc8c90524ca71c", size = 12199, upload-time = "2025-01-26T09:29:15.038Z" },
]

[[package]]
name = "packaging"
version = "26.3"
source = { registry = "https://pypi.org/simple" }
sdist = { url = "https://files.pythonhosted.org/packages/7d/fa/3944b40b07da9ce895c0e6303a5ab7d53da063554f534556b134a54d6093/packaging-26.3.tar.gz", hash = "sha256:94edc256424af38762eb31306eed28beb9f0efc50a8837492c9d6fd6004aed79", size = 313412, upload-time = "2026-08-04T18:15:28.737Z" }
wheels = [
    { url = "https://files.pythonhosted.org/packages/63/34/ba1c580383c9eada3711951fef0795c80b829a078d72188184bcab9dd527/packaging-26.3-py3-none-any.whl", hash = "sha256:d7193f7c8e4e93f444fde0262bf90af30e16fa0ad0ad44cb553c87339b23cd1c", size = 129956, upload-time = "2026-08-04T18:15:27.159Z" },
]

[[package]]
name = "psycopg"
version = "3.3.6"
source = { registry = "https://pypi.org/simple" }
dependencies = [
    { name = "tzdata", marker = "sys_platform == 'win32'" },
]
sdist = { url = "https://files.pythonhosted.org/packages/76/26/3ea4ca5eaea1c0debcdf7ee7c1613fbe721dc27a03c461c0817ffd8a0601/psycopg-3.3.6.tar.gz", hash = "sha256:c081f2250df751a943036e42db6df4571c66cd0aabe8291a7a506512b12007d2", size = 168171, upload-time = "2026-09-18T13:22:55.152Z" }
wheels = [
    { url = "https://files.pythonhosted.org/packages/4e/de/748bd7609c71cae5d737f0ba9192f19329f70180ecda8fff3cac02c5abe3/psycopg-3.3.6-py3-none-any.whl", hash = "sha256:a1db9f7148b06a28606767efaca51fa6f9398c5c0a3810519be69d7000bdb631", size = 215490, upload-time = "2026-09-18T13:15:29.374Z" },
]

[package.optional-dependencies]
binary = [
    { name = "psycopg-binary", marker = "implementation_name != 'pypy'" },
]

[[package]]
name = "psycopg-binary"
version = "3.3.6"
source = { registry = "https://pypi.org/simple" }
wheels = [
    { url = "https://files.pythonhosted.org/packages/b4/c3/c072584b69ad44a747b448cfc9766fecb8aae56e372a017e2ef668790057/psycopg_binary-3.3.6-cp313-cp313-macosx_10_13_x86_64.whl", hash = "sha256:5ad8f35e67cc16d1fad1fa8c88972dc9b3a3141ea67897399904edab96a301b6", size = 4712284, upload-time = "2026-09-18T13:19:13.451Z" },
    { url = "https://files.pythonhosted.org/packages/0a/b9/4283b785339e8e2318d03048994b093d650ea6289fabaa806b765dc0d449/psycopg_binary-3.3.6-cp313-cp313-macosx_11_0_arm64.whl", hash = "sha256:373704aea331d3f3e3402c125a1543f5875e2986ebb54f97d1647942161f803f", size = 4772031, upload-time = "2026-09-18T13:19:18.524Z" },
    { url = "https://files.pythonhosted.org/packages/6f/72/7a1321d359246769fff1affffbd0132785a28f7f63c18524c15a502398f4/psycopg_binary-3.3.6-cp313-cp313-manylinux2014_ppc64le.manylinux_2_17_ppc64le.whl", hash = "sha256:b82491019b884d62318b5f30706c3d7e6d4e5a6cb7eabcb3edc0c1b0fdaceae9", size = 5556392, upload-time = "2026-09-18T13:19:24.418Z" },
    { url = "https://files.pythonhosted.org/packages/de/b0/c6f8a0585a5dacbea74e130bcfc66629390e8f5bbc79d2a8e806e8952150/psycopg_binary-3.3.6-cp313-cp313-manylinux2014_x86_64.manylinux_2_17_x86_64.whl", hash = "sha256:cec5ea900390897d0b46130f60bc2883bf19c314f9044235217c8be88b0ef269", size = 5237855, upload-time = "2026-09-18T13:19:31.257Z" },
    { url = "https://files.pythonhosted.org/packages/e2/fc/c3a7a8bbef7e945ec584ac61d460a612363ea398511cd0e220242b1d69f1/psycopg_binary-3.3.6-cp313-cp313-manylinux_2_27_aarch64.manylinux_2_28_aarch64.whl", hash = "sha256:98c02090d88f2ebc0ec1e8da538f77d225ce0fffecf372aa39262e62a1b054ef", size = 6833856, upload-time = "2026-09-18T13:19:43.622Z" },
    { url = "https://files.pythonhosted.org/packages/a9/f2/8e80b921db728ebb68fc105bd7c4277f908210ad755bd6481d5ea7add740/psycopg_binary-3.3.6-cp313-cp313-manylinux_2_38_riscv64.manylinux_2_39_riscv64.whl", hash = "sha256:ee2c4728c691245e24501fcd7a97b5b381236b9985bc445bba88cdce7d1b5784", size = 5070730, upload-time = "2026-09-18T13:19:49.968Z" },
    { url = "https://files.pythonhosted.org/packages/54/6a/5b313e0c5348244f0e973aff3258bf86766656256d5ece8d541a53e35b4a/psycopg_binary-3.3.6-cp313-cp313-musllinux_1_2_aarch64.whl", hash = "sha256:f19cc87343eaa55255e76b31259a570072ac95d6ae82c92dd34b97691f5e49dc", size = 4598089, upload-time = "2026-09-18T13:19:56.426Z" },
    { url = "https://files.pythonhosted.org/packages/32/e9/db7f76ec24bf6699e92bf604e5c4bae10664a681a8999ef42aa0faf0f2c6/psycopg_binary-3.3.6-cp313-cp313-musllinux_1_2_ppc64le.whl", hash = "sha256:fdccb3a0e184b03e9baa673b15a809cf36c339c85dbda0ebc25a698846dfbee8", size = 4278481, upload-time = "2026-09-18T13:20:04.681Z" },
    { url = "https://files.pythonhosted.org/packages/61/83/72c67013656f4d6b547caabffb193e91d57e63f90eefdcc6d045c400e97d/psycopg_binary-3.3.6-cp313-cp313-musllinux_1_2_riscv64.whl", hash = "sha256:9892188bb15e5803beb51afe8a25add6b56be391a53058e8bca03b74e1e6bf22", size = 4009229, upload-time = "2026-09-18T13:20:11.905Z" },
    { url = "https://files.pythonhosted.org/packages/82/35/5e4500df2c999eb0faed8b184e6958b834172128274f06167a5deef4c19c/psycopg_binary-3.3.6-cp313-cp313-musllinux_1_2_x86_64.whl", hash = "sha256:3af90f92769d8cc10f94515ee7a0aef36ea85ca733a0ce22858f6e0953f41138", size = 4321467, upload-time = "2026-09-18T13:20:17.949Z" },
    { url = "https://files.pythonhosted.org/packages/55/7f/e350e1cf498ba2565c3f87b12f429d2012eb86b76c2b3845a19ee5fbb4d6/psycopg_binary-3.3.6-cp313-cp313-win_amd64.whl", hash = "sha256:0ebfad5d131de9f892ae9e70cc7616207768b6714b66a52d4612b8ceaf78b372", size = 3658179, upload-time = "2026-09-18T13:20:22.691Z" },
    { url = "https://files.pythonhosted.org/packages/6d/b9/60711317c284a442511644ea7185b56ebe627606d6741e732cd16108c47b/psycopg_binary-3.3.6-cp314-cp314-macosx_10_15_x86_64.whl", hash = "sha256:b3f75dee0f9afafabe4edc52c4842f1e1878ed2069bd05b22d6fe961e97e4dba", size = 4720512, upload-time = "2026-09-18T13:20:29.278Z" },
    { url = "https://files.pythonhosted.org/packages/63/da/28befc84454cbc6374550de7746f591f8fe1b6165c1fce249652cc8291c4/psycopg_binary-3.3.6-cp314-cp314-macosx_11_0_arm64.whl", hash = "sha256:5927b7ba63153cd8e9862987290a2b783a5c590daf2a4ef981700cc3569166d4", size = 4782318, upload-time = "2026-09-18T13:20:35.401Z" },
    { url = "https://files.pythonhosted.org/packages/a4/8a/0d21c2c833cdc0d4244c77e858e0ed37fa2abec2623be4fd686f617109ce/psycopg_binary-3.3.6-cp314-cp314-manylinux2014_ppc64le.manylinux_2_17_ppc64le.whl", hash = "sha256:0bf08b749cc144f33b44a91b78e3f71c60eb07963746a0df5a100b36ce3d7475", size = 5567460, upload-time = "2026-09-18T13:20:41.902Z" },
    { url = "https://files.pythonhosted.org/packages/49/6d/7692d0d4e656b6cc9868d8acc2e3b42f17a0db4a625400a6d093cb0533a1/psycopg_binary-3.3.6-cp314-cp314-manylinux2014_x86_64.manylinux_2_17_x86_64.whl", hash = "sha256:31cd942c23f613276b81a6e6598cefa12960058b0f46e1e874b540c793f6aca5", size = 5246902, upload-time = "2026-09-18T13:20:47.661Z" },
    { url = "https://files.pythonhosted.org/packages/d4/c1/b8a1f18fb1b7558a17f57f7cb3fc8bc93189feea2958925950b3acb15743/psycopg_binary-3.3.6-cp314-cp314-manylinux_2_27_aarch64.manylinux_2_28_aarch64.whl", hash = "sha256:4690cf67738f0e0e49a32aeec99bf0e4595cc2b4f1af984a4345394b1dcff91a", size = 6847192, upload-time = "2026-09-18T13:20:56.874Z" },
    { url = "https://files.pythonhosted.org/packages/a5/76/404f33519167c65cca88ec4998776f1dbebccc301ee977f0e62c47fb0826/psycopg_binary-3.3.6-cp314-cp314-manylinux_2_38_riscv64.manylinux_2_39_riscv64.whl", hash = "sha256:ad1c785e784cfd87e8436c6b7702f2d321fc39601bbaf29bc63a41a867091638", size = 5079573, upload-time = "2026-09-18T13:21:04.155Z" },
    { url = "https://files.pythonhosted.org/packages/f0/d9/79e8fbc8f37262a415f3550f0bcc5f98037442bf3d12ef6cbae2056655ae/psycopg_binary-3.3.6-cp314-cp314-musllinux_1_2_aarch64.whl", hash = "sha256:79a2a1c3449f6c3409427078ed1cec10de79f3023cb5f2504f0597d350ad46c7", size = 4613633, upload-time = "2026-09-18T13:21:10.664Z" },
    { url = "https://files.pythonhosted.org/packages/d4/47/96225db74be7d2ce04b3a58678b53cda610225055edf5faa775c9f501d8b/psycopg_binary-3.3.6-cp314-cp314-musllinux_1_2_ppc64le.whl", hash = "sha256:86147cb5d140341c3363fb5bacce31f8d5543902a46699d3c536b101bbceaf9e", size = 4293375, upload-time = "2026-09-18T13:21:16.027Z" },
    { url = "https://files.pythonhosted.org/packages/2a/d2/18e9c779a5efd565250329adaf529ecc2b8b2ed5be5cb0f6ccee208cbfd9/psycopg_binary-3.3.6-cp314-cp314-musllinux_1_2_riscv64.whl", hash = "sha256:7308c93cf0b19bbaf8e6ff0a6ad50d3c442385739245fe15a8d593bf841734a6", size = 4019883, upload-time = "2026-09-18T13:21:21.587Z" },
    { url = "https://files.pythonhosted.org/packages/ef/28/0cc654afc6c2cda982767f5679d3646b30b1ec86545bdaa9402202d6776c/psycopg_binary-3.3.6-cp314-cp314-musllinux_1_2_x86_64.whl", hash = "sha256:05a83ac9fd52b9bca7cb5ab04b3691163170bd16f53defa27216ea3aa07ee781", size = 4332607, upload-time = "2026-09-18T13:21:27.63Z" },
    { url = "https://files.pythonhosted.org/packages/f1/3e/0a753a74fbd7aef120f286c016e09d3cc3f1daf7688f4a145d27281260b2/psycopg_binary-3.3.6-cp314-cp314-win_amd64.whl", hash = "sha256:1fbd30e537dab22cafdf080608f10148fe2a5f3a61294ddb5113caac8a623840", size = 3755671, upload-time = "2026-09-18T13:21:33.855Z" },
]

[[package]]
name = "sqlparse"
version = "0.6.0"
source = { registry = "https://pypi.org/simple" }
sdist = { url = "https://files.pythonhosted.org/packages/5f/d3/3f06a1006f2261d1342aefb3c71eed02f5d4ca5bdbecd86ebc12ad38306e/sqlparse-0.6.0.tar.gz", hash = "sha256:113c35c75365ab9cc9c7231d68c6428fb11c085fc8e9eb1ad659b7ddbf6cd2b9", size = 178477, upload-time = "2026-08-13T19:16:06.396Z" }
wheels = [
    { url = "https://files.pythonhosted.org/packages/d9/50/f00935da0ec7cbf325f8dc4f772ae46fbc7b672dd62876e73f0a94adda57/sqlparse-0.6.0-py3-none-any.whl", hash = "sha256:b861c0288ce2fa56209a9a6412d2e066ac664b3873b89c26c9d8415e8e32996f", size = 50070, upload-time = "2026-08-13T19:16:04.062Z" },
]

[[package]]
name = "tzdata"
version = "2026.4"
source = { registry = "https://pypi.org/simple" }
sdist = { url = "https://files.pythonhosted.org/packages/e4/31/3d74fa778a63b98b7374323befcc0be5ab3bd94afd4096a0124e7379152c/tzdata-2026.4.tar.gz", hash = "sha256:f1b8bd365d8d210c55353f4d7f8d6d8561c0ba50d704b700d195a9424bba0d79", size = 199350, upload-time = "2026-09-12T12:56:03.251Z" }
wheels = [
    { url = "https://files.pythonhosted.org/packages/f9/bc/8737e8d54cf51106118039b83f485a4783112fab49ea9d044b234978a46e/tzdata-2026.4-py2.py3-none-any.whl", hash = "sha256:c2169a8b0a7a5e9674da5a135ccdfb2b3e671b333ed9fed17b41f73c34476e81", size = 347494, upload-time = "2026-09-12T12:56:01.67Z" },
]

[[package]]
name = "whitenoise"
version = "6.12.0"
source = { registry = "https://pypi.org/simple" }
sdist = { url = "https://files.pythonhosted.org/packages/cb/2a/55b3f3a4ec326cd077c1c3defeee656b9298372a69229134d930151acd01/whitenoise-6.12.0.tar.gz", hash = "sha256:f723ebb76a112e98816ff80fcea0a6c9b8ecde835f8ddda25df7a30a3c2db6ad", size = 26841, upload-time = "2026-02-27T00:05:42.028Z" }
wheels = [
    { url = "https://files.pythonhosted.org/packages/db/eb/d5583a11486211f3ebd4b385545ae787f32363d453c19fffd81106c9c138/whitenoise-6.12.0-py3-none-any.whl", hash = "sha256:fc5e8c572e33ebf24795b47b6a7da8da3c00cff2349f5b04c02f28d0cc5a3cc2", size = 20302, upload-time = "2026-02-27T00:05:40.086Z" },
]
